lockfileVersion: '6.0'

settings:
  autoInstallPeers: true
  excludeLinksFromLockfile: false

dependencies:
  '@quasar/extras':
    specifier: ^1.17.0
    version: 1.17.0
  '@tsparticles/slim':
    specifier: ^3.9.1
    version: 3.9.1
  '@tsparticles/vue3':
    specifier: ^3.0.1
    version: 3.0.1
  gsap:
    specifier: ^3.14.2
    version: 3.14.2
  quasar:
    specifier: ^2.18.6
    version: 2.18.6
  vue:
    specifier: ^3.3.4
    version: 3.5.13
  vue-router:
    specifier: ^4.6.4
    version: 4.6.4(vue@3.5.13)

devDependencies:
  '@quasar/vite-plugin':
    specifier: ^1.10.0
    version: 1.10.0(@vitejs/plugin-vue@4.6.2)(quasar@2.18.6)(vite@4.5.14)(vue@3.5.13)
  '@vitejs/plugin-vue':
    specifier: ^4.2.3
    version: 4.6.2(vite@4.5.14)(vue@3.5.13)
  sass:
    specifier: ^1.97.2
    version: 1.97.2
  vite:
    specifier: ^4.4.5
    version: 4.5.14(sass@1.97.2)

packages:

  /@babel/helper-string-parser@7.25.9:
    resolution: {integrity: sha512-4A/SCr/2KLd5jrtOMFzaKjVtAei3+2r/NChoBNoZ3EyP/+GlhoaEGoWOZUmFmoITP7zOJyHIMm+DYRd8o3PvHA==}
    engines: {node: '>=6.9.0'}

  /@babel/helper-validator-identifier@7.25.9:
    resolution: {integrity: sha512-Ed61U6XJc3CVRfkERJWDz4dJwKe7iLmmJsbOGu9wSloNSFttHV0I8g6UAgb7qnK5ly5bGLPd4oXZlxCdANBOWQ==}
    engines: {node: '>=6.9.0'}

  /@babel/parser@7.26.2:
    resolution: {integrity: sha512-DWMCZH9WA4Maitz2q21SRKHo9QXZxkDsbNZoVD62gusNtNBBqDg9i7uOhASfTfIGNzW+O+r7+jAlM8dwphcJKQ==}
    engines: {node: '>=6.0.0'}
    hasBin: true
    dependencies:
      '@babel/types': 7.26.0

  /@babel/types@7.26.0:
    resolution: {integrity: sha512-Z/yiTPj+lDVnF7lWeKCIJzaIkI0vYO87dMpZ4bg4TDrFe4XXLFWL1TbXU27gBP3QccxV9mZICCrnjnYlJjXHOA==}
    engines: {node: '>=6.9.0'}
    dependencies:
      '@babel/helper-string-parser': 7.25.9
      '@babel/helper-validator-identifier': 7.25.9

  /@esbuild/android-arm64@0.18.20:
    resolution: {integrity: sha512-Nz4rJcchGDtENV0eMKUNa6L12zz2zBDXuhj/Vjh18zGqB44Bi7MBMSXjgunJgjRhCmKOjnPuZp4Mb6OKqtMHLQ==}
    engines: {node: '>=12'}
    cpu: [arm64]
    os: [android]
    requiresBuild: true
    dev: true
    optional: true

  /@esbuild/android-arm@0.18.20:
    resolution: {integrity: sha512-fyi7TDI/ijKKNZTUJAQqiG5T7YjJXgnzkURqmGj13C6dCqckZBLdl4h7bkhHt/t0WP+zO9/zwroDvANaOqO5Sw==}
    engines: {node: '>=12'}
    cpu: [arm]
    os: [android]
    requiresBuild: true
    dev: true
    optional: true

  /@esbuild/android-x64@0.18.20:
    resolution: {integrity: sha512-8GDdlePJA8D6zlZYJV/jnrRAi6rOiNaCC/JclcXpB+KIuvfBN4owLtgzY2bsxnx666XjJx2kDPUmnTtR8qKQUg==}
    engines: {node: '>=12'}
    cpu: [x64]
    os: [android]
    requiresBuild: true
    dev: true
    optional: true

  /@esbuild/darwin-arm64@0.18.20:
    resolution: {integrity: sha512-bxRHW5kHU38zS2lPTPOyuyTm+S+eobPUnTNkdJEfAddYgEcll4xkT8DB9d2008DtTbl7uJag2HuE5NZAZgnNEA==}
    engines: {node: '>=12'}
    cpu: [arm64]
    os: [darwin]
    requiresBuild: true
    dev: true
    optional: true

  /@esbuild/darwin-x64@0.18.20:
    resolution: {integrity: sha512-pc5gxlMDxzm513qPGbCbDukOdsGtKhfxD1zJKXjCCcU7ju50O7MeAZ8c4krSJcOIJGFR+qx21yMMVYwiQvyTyQ==}
    engines: {node: '>=12'}
    cpu: [x64]
    os: [darwin]
    requiresBuild: true
    dev: true
    optional: true

  /@esbuild/freebsd-arm64@0.18.20:
    resolution: {integrity: sha512-yqDQHy4QHevpMAaxhhIwYPMv1NECwOvIpGCZkECn8w2WFHXjEwrBn3CeNIYsibZ/iZEUemj++M26W3cNR5h+Tw==}
    engines: {node: '>=12'}
    cpu: [arm64]
    os: [freebsd]
    requiresBuild: true
    dev: true
    optional: true

  /@esbuild/freebsd-x64@0.18.20:
    resolution: {integrity: sha512-tgWRPPuQsd3RmBZwarGVHZQvtzfEBOreNuxEMKFcd5DaDn2PbBxfwLcj4+aenoh7ctXcbXmOQIn8HI6mCSw5MQ==}
    engines: {node: '>=12'}
    cpu: [x64]
    os: [freebsd]
    requiresBuild: true
    dev: true
    optional: true

  /@esbuild/linux-arm64@0.18.20:
    resolution: {integrity: sha512-2YbscF+UL7SQAVIpnWvYwM+3LskyDmPhe31pE7/aoTMFKKzIc9lLbyGUpmmb8a8AixOL61sQ/mFh3jEjHYFvdA==}
    engines: {node: '>=12'}
    cpu: [arm64]
    os: [linux]
    requiresBuild: true
    dev: true
    optional: true

  /@esbuild/linux-arm@0.18.20:
    resolution: {integrity: sha512-/5bHkMWnq1EgKr1V+Ybz3s1hWXok7mDFUMQ4cG10AfW3wL02PSZi5kFpYKrptDsgb2WAJIvRcDm+qIvXf/apvg==}
    engines: {node: '>=12'}
    cpu: [arm]
    os: [linux]
    requiresBuild: true
    dev: true
    optional: true

  /@esbuild/linux-ia32@0.18.20:
    resolution: {integrity: sha512-P4etWwq6IsReT0E1KHU40bOnzMHoH73aXp96Fs8TIT6z9Hu8G6+0SHSw9i2isWrD2nbx2qo5yUqACgdfVGx7TA==}
    engines: {node: '>=12'}
    cpu: [ia32]
    os: [linux]
    requiresBuild: true
    dev: true
    optional: true

  /@esbuild/linux-loong64@0.18.20:
    resolution: {integrity: sha512-nXW8nqBTrOpDLPgPY9uV+/1DjxoQ7DoB2N8eocyq8I9XuqJ7BiAMDMf9n1xZM9TgW0J8zrquIb/A7s3BJv7rjg==}
    engines: {node: '>=12'}
    cpu: [loong64]
    os: [linux]
    requiresBuild: true
    dev: true
    optional: true

  /@esbuild/linux-mips64el@0.18.20:
    resolution: {integrity: sha512-d5NeaXZcHp8PzYy5VnXV3VSd2D328Zb+9dEq5HE6bw6+N86JVPExrA6O68OPwobntbNJ0pzCpUFZTo3w0GyetQ==}
    engines: {node: '>=12'}
    cpu: [mips64el]
    os: [linux]
    requiresBuild: true
    dev: true
    optional: true

  /@esbuild/linux-ppc64@0.18.20:
    resolution: {integrity: sha512-WHPyeScRNcmANnLQkq6AfyXRFr5D6N2sKgkFo2FqguP44Nw2eyDlbTdZwd9GYk98DZG9QItIiTlFLHJHjxP3FA==}
    engines: {node: '>=12'}
    cpu: [ppc64]
    os: [linux]
    requiresBuild: true
    dev: true
    optional: true

  /@esbuild/linux-riscv64@0.18.20:
    resolution: {integrity: sha512-WSxo6h5ecI5XH34KC7w5veNnKkju3zBRLEQNY7mv5mtBmrP/MjNBCAlsM2u5hDBlS3NGcTQpoBvRzqBcRtpq1A==}
    engines: {node: '>=12'}
    cpu: [riscv64]
    os: [linux]
    requiresBuild: true
    dev: true
    optional: true

  /@esbuild/linux-s390x@0.18.20:
    resolution: {integrity: sha512-+8231GMs3mAEth6Ja1iK0a1sQ3ohfcpzpRLH8uuc5/KVDFneH6jtAJLFGafpzpMRO6DzJ6AvXKze9LfFMrIHVQ==}
    engines: {node: '>=12'}
    cpu: [s390x]
    os: [linux]
    requiresBuild: true
    dev: true
    optional: true

  /@esbuild/linux-x64@0.18.20:
    resolution: {integrity: sha512-UYqiqemphJcNsFEskc73jQ7B9jgwjWrSayxawS6UVFZGWrAAtkzjxSqnoclCXxWtfwLdzU+vTpcNYhpn43uP1w==}
    engines: {node: '>=12'}
    cpu: [x64]
    os: [linux]
    requiresBuild: true
    dev: true
    optional: true

  /@esbuild/netbsd-x64@0.18.20:
    resolution: {integrity: sha512-iO1c++VP6xUBUmltHZoMtCUdPlnPGdBom6IrO4gyKPFFVBKioIImVooR5I83nTew5UOYrk3gIJhbZh8X44y06A==}
    engines: {node: '>=12'}
    cpu: [x64]
    os: [netbsd]
    requiresBuild: true
    dev: true
    optional: true

  /@esbuild/openbsd-x64@0.18.20:
    resolution: {integrity: sha512-e5e4YSsuQfX4cxcygw/UCPIEP6wbIL+se3sxPdCiMbFLBWu0eiZOJ7WoD+ptCLrmjZBK1Wk7I6D/I3NglUGOxg==}
    engines: {node: '>=12'}
    cpu: [x64]
    os: [openbsd]
    requiresBuild: true
    dev: true
    optional: true

  /@esbuild/sunos-x64@0.18.20:
    resolution: {integrity: sha512-kDbFRFp0YpTQVVrqUd5FTYmWo45zGaXe0X8E1G/LKFC0v8x0vWrhOWSLITcCn63lmZIxfOMXtCfti/RxN/0wnQ==}
    engines: {node: '>=12'}
    cpu: [x64]
    os: [sunos]
    requiresBuild: true
    dev: true
    optional: true

  /@esbuild/win32-arm64@0.18.20:
    resolution: {integrity: sha512-ddYFR6ItYgoaq4v4JmQQaAI5s7npztfV4Ag6NrhiaW0RrnOXqBkgwZLofVTlq1daVTQNhtI5oieTvkRPfZrePg==}
    engines: {node: '>=12'}
    cpu: [arm64]
    os: [win32]
    requiresBuild: true
    dev: true
    optional: true

  /@esbuild/win32-ia32@0.18.20:
    resolution: {integrity: sha512-Wv7QBi3ID/rROT08SABTS7eV4hX26sVduqDOTe1MvGMjNd3EjOz4b7zeexIR62GTIEKrfJXKL9LFxTYgkyeu7g==}
    engines: {node: '>=12'}
    cpu: [ia32]
    os: [win32]
    requiresBuild: true
    dev: true
    optional: true

  /@esbuild/win32-x64@0.18.20:
    resolution: {integrity: sha512-kTdfRcSiDfQca/y9QIkng02avJ+NCaQvrMejlsB3RRv5sE9rRoeBPISaZpKxHELzRxZyLvNts1P27W3wV+8geQ==}
    engines: {node: '>=12'}
    cpu: [x64]
    os: [win32]
    requiresBuild: true
    dev: true
    optional: true

  /@jridgewell/sourcemap-codec@1.5.0:
    resolution: {integrity: sha512-gv3ZRaISU3fjPAgNsriBRqGWQL6quFx04YMPW/zD8XMLsU32mhCCbfbO6KZFLjvYpCZ8zyDEgqsgf+PwPaM7GQ==}

  /@parcel/watcher-android-arm64@2.5.4:
    resolution: {integrity: sha512-hoh0vx4v+b3BNI7Cjoy2/B0ARqcwVNrzN/n7DLq9ZB4I3lrsvhrkCViJyfTj/Qi5xM9YFiH4AmHGK6pgH1ss7g==}
    engines: {node: '>= 10.0.0'}
    cpu: [arm64]
    os: [android]
    requiresBuild: true
    dev: true
    optional: true

  /@parcel/watcher-darwin-arm64@2.5.4:
    resolution: {integrity: sha512-kphKy377pZiWpAOyTgQYPE5/XEKVMaj6VUjKT5VkNyUJlr2qZAn8gIc7CPzx+kbhvqHDT9d7EqdOqRXT6vk0zw==}
    engines: {node: '>= 10.0.0'}
    cpu: [arm64]
    os: [darwin]
    requiresBuild: true
    dev: true
    optional: true

  /@parcel/watcher-darwin-x64@2.5.4:
    resolution: {integrity: sha512-UKaQFhCtNJW1A9YyVz3Ju7ydf6QgrpNQfRZ35wNKUhTQ3dxJ/3MULXN5JN/0Z80V/KUBDGa3RZaKq1EQT2a2gg==}
    engines: {node: '>= 10.0.0'}
    cpu: [x64]
    os: [darwin]
    requiresBuild: true
    dev: true
    optional: true

  /@parcel/watcher-freebsd-x64@2.5.4:
    resolution: {integrity: sha512-Dib0Wv3Ow/m2/ttvLdeI2DBXloO7t3Z0oCp4bAb2aqyqOjKPPGrg10pMJJAQ7tt8P4V2rwYwywkDhUia/FgS+Q==}
    engines: {node: '>= 10.0.0'}
    cpu: [x64]
    os: [freebsd]
    requiresBuild: true
    dev: true
    optional: true

  /@parcel/watcher-linux-arm-glibc@2.5.4:
    resolution: {integrity: sha512-I5Vb769pdf7Q7Sf4KNy8Pogl/URRCKu9ImMmnVKYayhynuyGYMzuI4UOWnegQNa2sGpsPSbzDsqbHNMyeyPCgw==}
    engines: {node: '>= 10.0.0'}
    cpu: [arm]
    os: [linux]
    requiresBuild: true
    dev: true
    optional: true

  /@parcel/watcher-linux-arm-musl@2.5.4:
    resolution: {integrity: sha512-kGO8RPvVrcAotV4QcWh8kZuHr9bXi9a3bSZw7kFarYR0+fGliU7hd/zevhjw8fnvIKG3J9EO5G6sXNGCSNMYPQ==}
    engines: {node: '>= 10.0.0'}
    cpu: [arm]
    os: [linux]
    requiresBuild: true
    dev: true
    optional: true

  /@parcel/watcher-linux-arm64-glibc@2.5.4:
    resolution: {integrity: sha512-KU75aooXhqGFY2W5/p8DYYHt4hrjHZod8AhcGAmhzPn/etTa+lYCDB2b1sJy3sWJ8ahFVTdy+EbqSBvMx3iFlw==}
    engines: {node: '>= 10.0.0'}
    cpu: [arm64]
    os: [linux]
    requiresBuild: true
    dev: true
    optional: true

  /@parcel/watcher-linux-arm64-musl@2.5.4:
    resolution: {integrity: sha512-Qx8uNiIekVutnzbVdrgSanM+cbpDD3boB1f8vMtnuG5Zau4/bdDbXyKwIn0ToqFhIuob73bcxV9NwRm04/hzHQ==}
    engines: {node: '>= 10.0.0'}
    cpu: [arm64]
    os: [linux]
    requiresBuild: true
    dev: true
    optional: true

  /@parcel/watcher-linux-x64-glibc@2.5.4:
    resolution: {integrity: sha512-UYBQvhYmgAv61LNUn24qGQdjtycFBKSK3EXr72DbJqX9aaLbtCOO8+1SkKhD/GNiJ97ExgcHBrukcYhVjrnogA==}
    engines: {node: '>= 10.0.0'}
    cpu: [x64]
    os: [linux]
    requiresBuild: true
    dev: true
    optional: true

  /@parcel/watcher-linux-x64-musl@2.5.4:
    resolution: {integrity: sha512-YoRWCVgxv8akZrMhdyVi6/TyoeeMkQ0PGGOf2E4omODrvd1wxniXP+DBynKoHryStks7l+fDAMUBRzqNHrVOpg==}
    engines: {node: '>= 10.0.0'}
    cpu: [x64]
    os: [linux]
    requiresBuild: true
    dev: true
    optional: true

  /@parcel/watcher-win32-arm64@2.5.4:
    resolution: {integrity: sha512-iby+D/YNXWkiQNYcIhg8P5hSjzXEHaQrk2SLrWOUD7VeC4Ohu0WQvmV+HDJokZVJ2UjJ4AGXW3bx7Lls9Ln4TQ==}
    engines: {node: '>= 10.0.0'}
    cpu: [arm64]
    os: [win32]
    requiresBuild: true
    dev: true
    optional: true

  /@parcel/watcher-win32-ia32@2.5.4:
    resolution: {integrity: sha512-vQN+KIReG0a2ZDpVv8cgddlf67J8hk1WfZMMP7sMeZmJRSmEax5xNDNWKdgqSe2brOKTQQAs3aCCUal2qBHAyg==}
    engines: {node: '>= 10.0.0'}
    cpu: [ia32]
    os: [win32]
    requiresBuild: true
    dev: true
    optional: true

  /@parcel/watcher-win32-x64@2.5.4:
    resolution: {integrity: sha512-3A6efb6BOKwyw7yk9ro2vus2YTt2nvcd56AuzxdMiVOxL9umDyN5PKkKfZ/gZ9row41SjVmTVQNWQhaRRGpOKw==}
    engines: {node: '>= 10.0.0'}
    cpu: [x64]
    os: [win32]
    requiresBuild: true
    dev: true
    optional: true

  /@parcel/watcher@2.5.4:
    resolution: {integrity: sha512-WYa2tUVV5HiArWPB3ydlOc4R2ivq0IDrlqhMi3l7mVsFEXNcTfxYFPIHXHXIh/ca/y/V5N4E1zecyxdIBjYnkQ==}
    engines: {node: '>= 10.0.0'}
    requiresBuild: true
    dependencies:
      detect-libc: 2.1.2
      is-glob: 4.0.3
      node-addon-api: 7.1.1
      picomatch: 4.0.3
    optionalDependencies:
      '@parcel/watcher-android-arm64': 2.5.4
      '@parcel/watcher-darwin-arm64': 2.5.4
      '@parcel/watcher-darwin-x64': 2.5.4
      '@parcel/watcher-freebsd-x64': 2.5.4
      '@parcel/watcher-linux-arm-glibc': 2.5.4
      '@parcel/watcher-linux-arm-musl': 2.5.4
      '@parcel/watcher-linux-arm64-glibc': 2.5.4
      '@parcel/watcher-linux-arm64-musl': 2.5.4
      '@parcel/watcher-linux-x64-glibc': 2.5.4
      '@parcel/watcher-linux-x64-musl': 2.5.4
      '@parcel/watcher-win32-arm64': 2.5.4
      '@parcel/watcher-win32-ia32': 2.5.4
      '@parcel/watcher-win32-x64': 2.5.4
    dev: true
    optional: true

  /@quasar/extras@1.17.0:
    resolution: {integrity: sha512-KqAHdSJfIDauiR1nJ8rqHWT0diqD0QradZKoVIZJAilHAvgwyPIY7MbyR2z4RIMkUIMUSqBZcbshMpEw+9A30w==}
    dev: false

  /@quasar/vite-plugin@1.10.0(@vitejs/plugin-vue@4.6.2)(quasar@2.18.6)(vite@4.5.14)(vue@3.5.13):
    resolution: {integrity: sha512-4PJoTclz4ZjAfyqe0+hlkKcFJt0e2NX3Ac3hy8ILqUPdtZ24nCo5/xEHvTxZGBQMKRPwwePbO8CVs4n9EKJEug==}
    engines: {node: '>=20'}
    peerDependencies:
      '@vitejs/plugin-vue': ^2.0.0 || ^3.0.0 || ^4.0.0 || ^5.0.0 || ^6.0.0
      quasar: ^2.16.0
      vite: ^2.0.0 || ^3.0.0 || ^4.0.0 || ^5.0.0 || ^6.0.0 || ^7.0.0
      vue: ^3.0.0
    dependencies:
      '@vitejs/plugin-vue': 4.6.2(vite@4.5.14)(vue@3.5.13)
      quasar: 2.18.6
      vite: 4.5.14(sass@1.97.2)
      vue: 3.5.13
    dev: true

  /@tsparticles/basic@3.9.1:
    resolution: {integrity: sha512-ijr2dHMx0IQHqhKW3qA8tfwrR2XYbbWYdaJMQuBo2CkwBVIhZ76U+H20Y492j/NXpd1FUnt2aC0l4CEVGVGdeQ==}
    dependencies:
      '@tsparticles/engine': 3.9.1
      '@tsparticles/move-base': 3.9.1
      '@tsparticles/plugin-hex-color': 3.9.1
      '@tsparticles/plugin-hsl-color': 3.9.1
      '@tsparticles/plugin-rgb-color': 3.9.1
      '@tsparticles/shape-circle': 3.9.1
      '@tsparticles/updater-color': 3.9.1
      '@tsparticles/updater-opacity': 3.9.1
      '@tsparticles/updater-out-modes': 3.9.1
      '@tsparticles/updater-size': 3.9.1
    dev: false

  /@tsparticles/engine@3.9.1:
    resolution: {integrity: sha512-DpdgAhWMZ3Eh2gyxik8FXS6BKZ8vyea+Eu5BC4epsahqTGY9V3JGGJcXC6lRJx6cPMAx1A0FaQAojPF3v6rkmQ==}
    requiresBuild: true
    dev: false

  /@tsparticles/interaction-external-attract@3.9.1:
    resolution: {integrity: sha512-5AJGmhzM9o4AVFV24WH5vSqMBzOXEOzIdGLIr+QJf4fRh9ZK62snsusv/ozKgs2KteRYQx+L7c5V3TqcDy2upg==}
    dependencies:
      '@tsparticles/engine': 3.9.1
    dev: false

  /@tsparticles/interaction-external-bounce@3.9.1:
    resolution: {integrity: sha512-bv05+h70UIHOTWeTsTI1AeAmX6R3s8nnY74Ea6p6AbQjERzPYIa0XY19nq/hA7+Nrg+EissP5zgoYYeSphr85A==}
    dependencies:
      '@tsparticles/engine': 3.9.1
    dev: false

  /@tsparticles/interaction-external-bubble@3.9.1:
    resolution: {integrity: sha512-tbd8ox/1GPl+zr+KyHQVV1bW88GE7OM6i4zql801YIlCDrl9wgTDdDFGIy9X7/cwTvTrCePhrfvdkUamXIribQ==}
    dependencies:
      '@tsparticles/engine': 3.9.1
    dev: false

  /@tsparticles/interaction-external-connect@3.9.1:
    resolution: {integrity: sha512-sq8YfUNsIORjXHzzW7/AJQtfi/qDqLnYG2qOSE1WOsog39MD30RzmiOloejOkfNeUdcGUcfsDgpUuL3UhzFUOA==}
    dependencies:
      '@tsparticles/engine': 3.9.1
    dev: false

  /@tsparticles/interaction-external-grab@3.9.1:
    resolution: {integrity: sha512-QwXza+sMMWDaMiFxd8y2tJwUK6c+nNw554+/9+tEZeTTk2fCbB0IJ7p/TH6ZGWDL0vo2muK54Njv2fEey191ow==}
    dependencies:
      '@tsparticles/engine': 3.9.1
    dev: false

  /@tsparticles/interaction-external-pause@3.9.1:
    resolution: {integrity: sha512-Gzv4/FeNir0U/tVM9zQCqV1k+IAgaFjDU3T30M1AeAsNGh/rCITV2wnT7TOGFkbcla27m4Yxa+Fuab8+8pzm+g==}
    dependencies:
      '@tsparticles/engine': 3.9.1
    dev: false

  /@tsparticles/interaction-external-push@3.9.1:
    resolution: {integrity: sha512-GvnWF9Qy4YkZdx+WJL2iy9IcgLvzOIu3K7aLYJFsQPaxT8d9TF8WlpoMlWKnJID6H5q4JqQuMRKRyWH8aAKyQw==}
    dependencies:
      '@tsparticles/engine': 3.9.1
    dev: false

  /@tsparticles/interaction-external-remove@3.9.1:
    resolution: {integrity: sha512-yPThm4UDWejDOWW5Qc8KnnS2EfSo5VFcJUQDWc1+Wcj17xe7vdSoiwwOORM0PmNBzdDpSKQrte/gUnoqaUMwOA==}
    dependencies:
      '@tsparticles/engine': 3.9.1
    dev: false

  /@tsparticles/interaction-external-repulse@3.9.1:
    resolution: {integrity: sha512-/LBppXkrMdvLHlEKWC7IykFhzrz+9nebT2fwSSFXK4plEBxDlIwnkDxd3FbVOAbnBvx4+L8+fbrEx+RvC8diAw==}
    dependencies:
      '@tsparticles/engine': 3.9.1
    dev: false

  /@tsparticles/interaction-external-slow@3.9.1:
    resolution: {integrity: sha512-1ZYIR/udBwA9MdSCfgADsbDXKSFS0FMWuPWz7bm79g3sUxcYkihn+/hDhc6GXvNNR46V1ocJjrj0u6pAynS1KQ==}
    dependencies:
      '@tsparticles/engine': 3.9.1
    dev: false

  /@tsparticles/interaction-particles-attract@3.9.1:
    resolution: {integrity: sha512-CYYYowJuGwRLUixQcSU/48PTKM8fCUYThe0hXwQ+yRMLAn053VHzL7NNZzKqEIeEyt5oJoy9KcvubjKWbzMBLQ==}
    dependencies:
      '@tsparticles/engine': 3.9.1
    dev: false

  /@tsparticles/interaction-particles-collisions@3.9.1:
    resolution: {integrity: sha512-ggGyjW/3v1yxvYW1IF1EMT15M6w31y5zfNNUPkqd/IXRNPYvm0Z0ayhp+FKmz70M5p0UxxPIQHTvAv9Jqnuj8w==}
    dependencies:
      '@tsparticles/engine': 3.9.1
    dev: false

  /@tsparticles/interaction-particles-links@3.9.1:
    resolution: {integrity: sha512-MsLbMjy1vY5M5/hu/oa5OSRZAUz49H3+9EBMTIOThiX+a+vpl3sxc9AqNd9gMsPbM4WJlub8T6VBZdyvzez1Vg==}
    dependencies:
      '@tsparticles/engine': 3.9.1
    dev: false

  /@tsparticles/move-base@3.9.1:
    resolution: {integrity: sha512-X4huBS27d8srpxwOxliWPUt+NtCwY+8q/cx1DvQxyqmTA8VFCGpcHNwtqiN+9JicgzOvSuaORVqUgwlsc7h4pQ==}
    dependencies:
      '@tsparticles/engine': 3.9.1
    dev: false

  /@tsparticles/move-parallax@3.9.1:
    resolution: {integrity: sha512-whlOR0bVeyh6J/hvxf/QM3DqvNnITMiAQ0kro6saqSDItAVqg4pYxBfEsSOKq7EhjxNvfhhqR+pFMhp06zoCVA==}
    dependencies:
      '@tsparticles/engine': 3.9.1
    dev: false

  /@tsparticles/plugin-easing-quad@3.9.1:
    resolution: {integrity: sha512-C2UJOca5MTDXKUTBXj30Kiqr5UyID+xrY/LxicVWWZPczQW2bBxbIbfq9ULvzGDwBTxE2rdvIB8YFKmDYO45qw==}
    dependencies:
      '@tsparticles/engine': 3.9.1
    dev: false

  /@tsparticles/plugin-hex-color@3.9.1:
    resolution: {integrity: sha512-vZgZ12AjUicJvk7AX4K2eAmKEQX/D1VEjEPFhyjbgI7A65eX72M465vVKIgNA6QArLZ1DLs7Z787LOE6GOBWsg==}
    dependencies:
      '@tsparticles/engine': 3.9.1
    dev: false

  /@tsparticles/plugin-hsl-color@3.9.1:
    resolution: {integrity: sha512-jJd1iGgRwX6eeNjc1zUXiJivaqC5UE+SC2A3/NtHwwoQrkfxGWmRHOsVyLnOBRcCPgBp/FpdDe6DIDjCMO715w==}
    dependencies:
      '@tsparticles/engine': 3.9.1
    dev: false

  /@tsparticles/plugin-rgb-color@3.9.1:
    resolution: {integrity: sha512-SBxk7f1KBfXeTnnklbE2Hx4jBgh6I6HOtxb+Os1gTp0oaghZOkWcCD2dP4QbUu7fVNCMOcApPoMNC8RTFcy9wQ==}
    dependencies:
      '@tsparticles/engine': 3.9.1
    dev: false

  /@tsparticles/shape-circle@3.9.1:
    resolution: {integrity: sha512-DqZFLjbuhVn99WJ+A9ajz9YON72RtCcvubzq6qfjFmtwAK7frvQeb6iDTp6Ze9FUipluxVZWVRG4vWTxi2B+/g==}
    dependencies:
      '@tsparticles/engine': 3.9.1
    dev: false

  /@tsparticles/shape-emoji@3.9.1:
    resolution: {integrity: sha512-ifvY63usuT+hipgVHb8gelBHSeF6ryPnMxAAEC1RGHhhXfpSRWMtE6ybr+pSsYU52M3G9+TF84v91pSwNrb9ZQ==}
    dependencies:
      '@tsparticles/engine': 3.9.1
    dev: false

  /@tsparticles/shape-image@3.9.1:
    resolution: {integrity: sha512-fCA5eme8VF3oX8yNVUA0l2SLDKuiZObkijb0z3Ky0qj1HUEVlAuEMhhNDNB9E2iELTrWEix9z7BFMePp2CC7AA==}
    dependencies:
      '@tsparticles/engine': 3.9.1
    dev: false

  /@tsparticles/shape-line@3.9.1:
    resolution: {integrity: sha512-wT8NSp0N9HURyV05f371cHKcNTNqr0/cwUu6WhBzbshkYGy1KZUP9CpRIh5FCrBpTev34mEQfOXDycgfG0KiLQ==}
    dependencies:
      '@tsparticles/engine': 3.9.1
    dev: false

  /@tsparticles/shape-polygon@3.9.1:
    resolution: {integrity: sha512-dA77PgZdoLwxnliH6XQM/zF0r4jhT01pw5y7XTeTqws++hg4rTLV9255k6R6eUqKq0FPSW1/WBsBIl7q/MmrqQ==}
    dependencies:
      '@tsparticles/engine': 3.9.1
    dev: false

  /@tsparticles/shape-square@3.9.1:
    resolution: {integrity: sha512-DKGkDnRyZrAm7T2ipqNezJahSWs6xd9O5LQLe5vjrYm1qGwrFxJiQaAdlb00UNrexz1/SA7bEoIg4XKaFa7qhQ==}
    dependencies:
      '@tsparticles/engine': 3.9.1
    dev: false

  /@tsparticles/shape-star@3.9.1:
    resolution: {integrity: sha512-kdMJpi8cdeb6vGrZVSxTG0JIjCwIenggqk0EYeKAwtOGZFBgL7eHhF2F6uu1oq8cJAbXPujEoabnLsz6mW8XaA==}
    dependencies:
      '@tsparticles/engine': 3.9.1
    dev: false

  /@tsparticles/slim@3.9.1:
    resolution: {integrity: sha512-CL5cDmADU7sDjRli0So+hY61VMbdroqbArmR9Av+c1Fisa5ytr6QD7Jv62iwU2S6rvgicEe9OyRmSy5GIefwZw==}
    dependencies:
      '@tsparticles/basic': 3.9.1
      '@tsparticles/engine': 3.9.1
      '@tsparticles/interaction-external-attract': 3.9.1
      '@tsparticles/interaction-external-bounce': 3.9.1
      '@tsparticles/interaction-external-bubble': 3.9.1
      '@tsparticles/interaction-external-connect': 3.9.1
      '@tsparticles/interaction-external-grab': 3.9.1
      '@tsparticles/interaction-external-pause': 3.9.1
      '@tsparticles/interaction-external-push': 3.9.1
      '@tsparticles/interaction-external-remove': 3.9.1
      '@tsparticles/interaction-external-repulse': 3.9.1
      '@tsparticles/interaction-external-slow': 3.9.1
      '@tsparticles/interaction-particles-attract': 3.9.1
      '@tsparticles/interaction-particles-collisions': 3.9.1
      '@tsparticles/interaction-particles-links': 3.9.1
      '@tsparticles/move-parallax': 3.9.1
      '@tsparticles/plugin-easing-quad': 3.9.1
      '@tsparticles/shape-emoji': 3.9.1
      '@tsparticles/shape-image': 3.9.1
      '@tsparticles/shape-line': 3.9.1
      '@tsparticles/shape-polygon': 3.9.1
      '@tsparticles/shape-square': 3.9.1
      '@tsparticles/shape-star': 3.9.1
      '@tsparticles/updater-life': 3.9.1
      '@tsparticles/updater-rotate': 3.9.1
      '@tsparticles/updater-stroke-color': 3.9.1
    dev: false

  /@tsparticles/updater-color@3.9.1:
    resolution: {integrity: sha512-XGWdscrgEMA8L5E7exsE0f8/2zHKIqnTrZymcyuFBw2DCB6BIV+5z6qaNStpxrhq3DbIxxhqqcybqeOo7+Alpg==}
    dependencies:
      '@tsparticles/engine': 3.9.1
    dev: false

  /@tsparticles/updater-life@3.9.1:
    resolution: {integrity: sha512-Oi8aF2RIwMMsjssUkCB6t3PRpENHjdZf6cX92WNfAuqXtQphr3OMAkYFJFWkvyPFK22AVy3p/cFt6KE5zXxwAA==}
    dependencies:
      '@tsparticles/engine': 3.9.1
    dev: false

  /@tsparticles/updater-opacity@3.9.1:
    resolution: {integrity: sha512-w778LQuRZJ+IoWzeRdrGykPYSSaTeWfBvLZ2XwYEkh/Ss961InOxZKIpcS6i5Kp/Zfw0fS1ZAuqeHwuj///Osw==}
    dependencies:
      '@tsparticles/engine': 3.9.1
    dev: false

  /@tsparticles/updater-out-modes@3.9.1:
    resolution: {integrity: sha512-cKQEkAwbru+hhKF+GTsfbOvuBbx2DSB25CxOdhtW2wRvDBoCnngNdLw91rs+0Cex4tgEeibkebrIKFDDE6kELg==}
    dependencies:
      '@tsparticles/engine': 3.9.1
    dev: false

  /@tsparticles/updater-rotate@3.9.1:
    resolution: {integrity: sha512-9BfKaGfp28JN82MF2qs6Ae/lJr9EColMfMTHqSKljblwbpVDHte4umuwKl3VjbRt87WD9MGtla66NTUYl+WxuQ==}
    dependencies:
      '@tsparticles/engine': 3.9.1
    dev: false

  /@tsparticles/updater-size@3.9.1:
    resolution: {integrity: sha512-3NSVs0O2ApNKZXfd+y/zNhTXSFeG1Pw4peI8e6z/q5+XLbmue9oiEwoPy/tQLaark3oNj3JU7Q903ZijPyXSzw==}
    dependencies:
      '@tsparticles/engine': 3.9.1
    dev: false

  /@tsparticles/updater-stroke-color@3.9.1:
    resolution: {integrity: sha512-3x14+C2is9pZYTg9T2TiA/aM1YMq4wLdYaZDcHm3qO30DZu5oeQq0rm/6w+QOGKYY1Z3Htg9rlSUZkhTHn7eDA==}
    dependencies:
      '@tsparticles/engine': 3.9.1
    dev: false

  /@tsparticles/vue3@3.0.1:
    resolution: {integrity: sha512-BxaSZ0wtxq33SDsrqLkLWoV88Jd5BnBoYjyVhKSNzOLOesCiG8Z5WQC1QZGTez79l/gBe0xaCDF0ng1e2iKJvA==}
    dependencies:
      '@tsparticles/engine': 3.9.1
      vue: 3.5.13
    transitivePeerDependencies:
      - typescript
    dev: false

  /@vitejs/plugin-vue@4.6.2(vite@4.5.14)(vue@3.5.13):
    resolution: {integrity: sha512-kqf7SGFoG+80aZG6Pf+gsZIVvGSCKE98JbiWqcCV9cThtg91Jav0yvYFC9Zb+jKetNGF6ZKeoaxgZfND21fWKw==}
    engines: {node: ^14.18.0 || >=16.0.0}
    peerDependencies:
      vite: ^4.0.0 || ^5.0.0
      vue: ^3.2.25
    dependencies:
      vite: 4.5.14(sass@1.97.2)
      vue: 3.5.13
    dev: true

  /@vue/compiler-core@3.5.13:
    resolution: {integrity: sha512-oOdAkwqUfW1WqpwSYJce06wvt6HljgY3fGeM9NcVA1HaYOij3mZG9Rkysn0OHuyUAGMbEbARIpsG+LPVlBJ5/Q==}
    dependencies:
      '@babel/parser': 7.26.2
      '@vue/shared': 3.5.13
      entities: 4.5.0
      estree-walker: 2.0.2
      source-map-js: 1.2.1

  /@vue/compiler-dom@3.5.13:
    resolution: {integrity: sha512-ZOJ46sMOKUjO3e94wPdCzQ6P1Lx/vhp2RSvfaab88Ajexs0AHeV0uasYhi99WPaogmBlRHNRuly8xV75cNTMDA==}
    dependencies:
      '@vue/compiler-core': 3.5.13
      '@vue/shared': 3.5.13

  /@vue/compiler-sfc@3.5.13:
    resolution: {integrity: sha512-6VdaljMpD82w6c2749Zhf5T9u5uLBWKnVue6XWxprDobftnletJ8+oel7sexFfM3qIxNmVE7LSFGTpv6obNyaQ==}
    dependencies:
      '@babel/parser': 7.26.2
      '@vue/compiler-core': 3.5.13
      '@vue/compiler-dom': 3.5.13
      '@vue/compiler-ssr': 3.5.13
      '@vue/shared': 3.5.13
      estree-walker: 2.0.2
      magic-string: 0.30.14
      postcss: 8.4.49
      source-map-js: 1.2.1

  /@vue/compiler-ssr@3.5.13:
    resolution: {integrity: sha512-wMH6vrYHxQl/IybKJagqbquvxpWCuVYpoUJfCqFZwa/JY1GdATAQ+TgVtgrwwMZ0D07QhA99rs/EAAWfvG6KpA==}
    dependencies:
      '@vue/compiler-dom': 3.5.13
      '@vue/shared': 3.5.13

  /@vue/devtools-api@6.6.4:
    resolution: {integrity: sha512-sGhTPMuXqZ1rVOk32RylztWkfXTRhuS7vgAKv0zjqk8gbsHkJ7xfFf+jbySxt7tWObEJwyKaHMikV/WGDiQm8g==}
    dev: false

  /@vue/reactivity@3.5.13:
    resolution: {integrity: sha512-NaCwtw8o48B9I6L1zl2p41OHo/2Z4wqYGGIK1Khu5T7yxrn+ATOixn/Udn2m+6kZKB/J7cuT9DbWWhRxqixACg==}
    dependencies:
      '@vue/shared': 3.5.13

  /@vue/runtime-core@3.5.13:
    resolution: {integrity: sha512-Fj4YRQ3Az0WTZw1sFe+QDb0aXCerigEpw418pw1HBUKFtnQHWzwojaukAs2X/c9DQz4MQ4bsXTGlcpGxU/RCIw==}
    dependencies:
      '@vue/reactivity': 3.5.13
      '@vue/shared': 3.5.13

  /@vue/runtime-dom@3.5.13:
    resolution: {integrity: sha512-dLaj94s93NYLqjLiyFzVs9X6dWhTdAlEAciC3Moq7gzAc13VJUdCnjjRurNM6uTLFATRHexHCTu/Xp3eW6yoog==}
    dependencies:
      '@vue/reactivity': 3.5.13
      '@vue/runtime-core': 3.5.13
      '@vue/shared': 3.5.13
      csstype: 3.1.3

  /@vue/server-renderer@3.5.13(vue@3.5.13):
    resolution: {integrity: sha512-wAi4IRJV/2SAW3htkTlB+dHeRmpTiVIK1OGLWV1yeStVSebSQQOwGwIq0D3ZIoBj2C2qpgz5+vX9iEBkTdk5YA==}
    peerDependencies:
      vue: 3.5.13
    dependencies:
      '@vue/compiler-ssr': 3.5.13
      '@vue/shared': 3.5.13
      vue: 3.5.13

  /@vue/shared@3.5.13:
    resolution: {integrity: sha512-/hnE/qP5ZoGpol0a5mDi45bOd7t3tjYJBjsgCsivow7D48cJeV5l05RD82lPqi7gRiphZM37rnhW1l6ZoCNNnQ==}

  /chokidar@4.0.3:
    resolution: {integrity: sha512-Qgzu8kfBvo+cA4962jnP1KkS6Dop5NS6g7R5LFYJr4b8Ub94PPQXUksCw9PvXoeXPRRddRNC5C1JQUR2SMGtnA==}
    engines: {node: '>= 14.16.0'}
    dependencies:
      readdirp: 4.1.2
    dev: true

  /csstype@3.1.3:
    resolution: {integrity: sha512-M1uQkMl8rQK/szD0LNhtqxIPLpimGm8sOBwU7lLnCpSbTyY3yeU1Vc7l4KT5zT4s/yOxHH5O7tIuuLOCnLADRw==}

  /detect-libc@2.1.2:
    resolution: {integrity: sha512-Btj2BOOO83o3WyH59e8MgXsxEQVcarkUOpEYrubB0urwnN10yQ364rsiByU11nZlqWYZm05i/of7io4mzihBtQ==}
    engines: {node: '>=8'}
    requiresBuild: true
    dev: true
    optional: true

  /entities@4.5.0:
    resolution: {integrity: sha512-V0hjH4dGPh9Ao5p0MoRY6BVqtwCjhz6vI5LT8AJ55H+4g9/4vbHx1I54fS0XuclLhDHArPQCiMjDxjaL8fPxhw==}
    engines: {node: '>=0.12'}

  /esbuild@0.18.20:
    resolution: {integrity: sha512-ceqxoedUrcayh7Y7ZX6NdbbDzGROiyVBgC4PriJThBKSVPWnnFHZAkfI1lJT8QFkOwH4qOS2SJkS4wvpGl8BpA==}
    engines: {node: '>=12'}
    hasBin: true
    requiresBuild: true
    optionalDependencies:
      '@esbuild/android-arm': 0.18.20
      '@esbuild/android-arm64': 0.18.20
      '@esbuild/android-x64': 0.18.20
      '@esbuild/darwin-arm64': 0.18.20
      '@esbuild/darwin-x64': 0.18.20
      '@esbuild/freebsd-arm64': 0.18.20
      '@esbuild/freebsd-x64': 0.18.20
      '@esbuild/linux-arm': 0.18.20
      '@esbuild/linux-arm64': 0.18.20
      '@esbuild/linux-ia32': 0.18.20
      '@esbuild/linux-loong64': 0.18.20
      '@esbuild/linux-mips64el': 0.18.20
      '@esbuild/linux-ppc64': 0.18.20
      '@esbuild/linux-riscv64': 0.18.20
      '@esbuild/linux-s390x': 0.18.20
      '@esbuild/linux-x64': 0.18.20
      '@esbuild/netbsd-x64': 0.18.20
      '@esbuild/openbsd-x64': 0.18.20
      '@esbuild/sunos-x64': 0.18.20
      '@esbuild/win32-arm64': 0.18.20
      '@esbuild/win32-ia32': 0.18.20
      '@esbuild/win32-x64': 0.18.20
    dev: true

  /estree-walker@2.0.2:
    resolution: {integrity: sha512-Rfkk/Mp/DL7JVje3u18FxFujQlTNR2q6QfMSMB7AvCBx91NGj/ba3kCfza0f6dVDbw7YlRf/nDrn7pQrCCyQ/w==}

  /fsevents@2.3.3:
    resolution: {integrity: sha512-5xoDfX+fL7faATnagmWPpbFtwh/R77WmMMqqHGS65C3vvB0YHrgF+B1YmZ3441tMj5n63k0212XNoJwzlhffQw==}
    engines: {node: ^8.16.0 || ^10.6.0 || >=11.0.0}
    os: [darwin]
    requiresBuild: true
    dev: true
    optional: true

  /gsap@3.14.2:
    resolution: {integrity: sha512-P8/mMxVLU7o4+55+1TCnQrPmgjPKnwkzkXOK1asnR9Jg2lna4tEY5qBJjMmAaOBDDZWtlRjBXjLa0w53G/uBLA==}
    dev: false

  /immutable@5.1.4:
    resolution: {integrity: sha512-p6u1bG3YSnINT5RQmx/yRZBpenIl30kVxkTLDyHLIMk0gict704Q9n+thfDI7lTRm9vXdDYutVzXhzcThxTnXA==}
    dev: true

  /is-extglob@2.1.1:
    resolution: {integrity: sha512-SbKbANkN603Vi4jEZv49LeVJMn4yGwsbzZworEoyEiutsN3nJYdbO36zfhGJ6QEDpOZIFkDtnq5JRxmvl3jsoQ==}
    engines: {node: '>=0.10.0'}
    requiresBuild: true
    dev: true
    optional: true

  /is-glob@4.0.3:
    resolution: {integrity: sha512-xelSayHH36ZgE7ZWhli7pW34hNbNl8Ojv5KVmkJD4hBdD3th8Tfk9vYasLM+mXWOZhFkgZfxhLSnrwRr4elSSg==}
    engines: {node: '>=0.10.0'}
    requiresBuild: true
    dependencies:
      is-extglob: 2.1.1
    dev: true
    optional: true

  /magic-string@0.30.14:
    resolution: {integrity: sha512-5c99P1WKTed11ZC0HMJOj6CDIue6F8ySu+bJL+85q1zBEIY8IklrJ1eiKC2NDRh3Ct3FcvmJPyQHb9erXMTJNw==}
    dependencies:
      '@jridgewell/sourcemap-codec': 1.5.0

  /nanoid@3.3.8:
    resolution: {integrity: sha512-WNLf5Sd8oZxOm+TzppcYk8gVOgP+l58xNy58D0nbUnOxOWRWvlcCV4kUF7ltmI6PsrLl/BgKEyS4mqsGChFN0w==}
    engines: {node: ^10 || ^12 || ^13.7 || ^14 || >=15.0.1}
    hasBin: true

  /node-addon-api@7.1.1:
    resolution: {integrity: sha512-5m3bsyrjFWE1xf7nz7YXdN4udnVtXK6/Yfgn5qnahL6bCkf2yKt4k3nuTKAtT4r3IG8JNR2ncsIMdZuAzJjHQQ==}
    requiresBuild: true
    dev: true
    optional: true

  /picocolors@1.1.1:
    resolution: {integrity: sha512-xceH2snhtb5M9liqDsmEw56le376mTZkEX/jEb/RxNFyegNul7eNslCXP9FDj/Lcu0X8KEyMceP2ntpaHrDEVA==}

  /picomatch@4.0.3:
    resolution: {integrity: sha512-5gTmgEY/sqK6gFXLIsQNH19lWb4ebPDLA4SdLP7dsWkIXHWlG66oPuVvXSGFPppYZz8ZDZq0dYYrbHfBCVUb1Q==}
    engines: {node: '>=12'}
    requiresBuild: true
    dev: true
    optional: true

  /postcss@8.4.49:
    resolution: {integrity: sha512-OCVPnIObs4N29kxTjzLfUryOkvZEq+pf8jTF0lg8E7uETuWHA+v7j3c/xJmiqpX450191LlmZfUKkXxkTry7nA==}
    engines: {node: ^10 || ^12 || >=14}
    dependencies:
      nanoid: 3.3.8
      picocolors: 1.1.1
      source-map-js: 1.2.1

  /quasar@2.18.6:
    resolution: {integrity: sha512-ZlK+vJXOBPSFDCNQDBDNwSI+AHoqaFPxK8ve6mhsYLhMKWI5b8zsGY9VU1xYjngO2aBvU4fvGWXy4tTbzrBk8Q==}
    engines: {node: '>= 10.18.1', npm: '>= 6.13.4', yarn: '>= 1.21.1'}

  /readdirp@4.1.2:
    resolution: {integrity: sha512-GDhwkLfywWL2s6vEjyhri+eXmfH6j1L7JE27WhqLeYzoh/A3DBaYGEj2H/HFZCn/kMfim73FXxEJTw06WtxQwg==}
    engines: {node: '>= 14.18.0'}
    dev: true

  /rollup@3.29.5:
    resolution: {integrity: sha512-GVsDdsbJzzy4S/v3dqWPJ7EfvZJfCHiDqe80IyrF59LYuP+e6U1LJoUqeuqRbwAWoMNoXivMNeNAOf5E22VA1w==}
    engines: {node: '>=14.18.0', npm: '>=8.0.0'}
    hasBin: true
    optionalDependencies:
      fsevents: 2.3.3
    dev: true

  /sass@1.97.2:
    resolution: {integrity: sha512-y5LWb0IlbO4e97Zr7c3mlpabcbBtS+ieiZ9iwDooShpFKWXf62zz5pEPdwrLYm+Bxn1fnbwFGzHuCLSA9tBmrw==}
    engines: {node: '>=14.0.0'}
    hasBin: true
    dependencies:
      chokidar: 4.0.3
      immutable: 5.1.4
      source-map-js: 1.2.1
    optionalDependencies:
      '@parcel/watcher': 2.5.4
    dev: true

  /source-map-js@1.2.1:
    resolution: {integrity: sha512-UXWMKhLOwVKb728IUtQPXxfYU+usdybtUrK/8uGE8CQMvrhOpwvzDBwj0QhSL7MQc7vIsISBG8VQ8+IDQxpfQA==}
    engines: {node: '>=0.10.0'}

  /vite@4.5.14(sass@1.97.2):
    resolution: {integrity: sha512-+v57oAaoYNnO3hIu5Z/tJRZjq5aHM2zDve9YZ8HngVHbhk66RStobhb1sqPMIPEleV6cNKYK4eGrAbE9Ulbl2g==}
    engines: {node: ^14.18.0 || >=16.0.0}
    hasBin: true
    peerDependencies:
      '@types/node': '>= 14'
      less: '*'
      lightningcss: ^1.21.0
      sass: '*'
      stylus: '*'
      sugarss: '*'
      terser: ^5.4.0
    peerDependenciesMeta:
      '@types/node':
        optional: true
      less:
        optional: true
      lightningcss:
        optional: true
      sass:
        optional: true
      stylus:
        optional: true
      sugarss:
        optional: true
      terser:
        optional: true
    dependencies:
      esbuild: 0.18.20
      postcss: 8.4.49
      rollup: 3.29.5
      sass: 1.97.2
    optionalDependencies:
      fsevents: 2.3.3
    dev: true

  /vue-router@4.6.4(vue@3.5.13):
    resolution: {integrity: sha512-Hz9q5sa33Yhduglwz6g9skT8OBPii+4bFn88w6J+J4MfEo4KRRpmiNG/hHHkdbRFlLBOqxN8y8gf2Fb0MTUgVg==}
    peerDependencies:
      vue: ^3.5.0
    dependencies:
      '@vue/devtools-api': 6.6.4
      vue: 3.5.13
    dev: false

  /vue@3.5.13:
    resolution: {integrity: sha512-wmeiSMxkZCSc+PM2w2VRsOYAZC8GdipNFRTsLSfodVqI9mbejKeXEGr8SckuLnrQPGe3oJN5c3K0vpoU9q/wCQ==}
    peerDependencies:
      typescript: '*'
    peerDependenciesMeta:
      typescript:
        optional: true
    dependencies:
      '@vue/compiler-dom': 3.5.13
      '@vue/compiler-sfc': 3.5.13
      '@vue/runtime-dom': 3.5.13
      '@vue/server-renderer': 3.5.13(vue@3.5.13)
      '@vue/shared': 3.5.13
